{
  "version": 4,
  "terraform_version": "1.8.1",
  "serial": 5,
  "lineage": "2c6e6265-ccd5-8269-b786-414f4bf528d1",
  "outputs": {},
  "resources": [
    {
      "mode": "data",
      "type": "aws_ssm_parameter",
      "name": "app_alb_sg_id",
      "provider": "provider[\"registry.terraform.io/hashicorp/aws\"]",
      "instances": [
        {
          "schema_version": 0,
          "attributes": {
            "arn": "arn:aws:ssm:us-east-1:285729811195:parameter/Roboshop/DEV/app_alb_sg_id",
            "id": "/Roboshop/DEV/app_alb_sg_id",
            "insecure_value": "sg-0258f62db2431de38",
            "name": "/Roboshop/DEV/app_alb_sg_id",
            "region": "us-east-1",
            "type": "String",
            "value": "sg-0258f62db2431de38",
            "version": 1,
            "with_decryption": true
          },
          "sensitive_attributes": [
            [
              {
                "type": "get_attr",
                "value": "value"
              }
            ]
          ]
        }
      ]
    },
    {
      "mode": "data",
      "type": "aws_ssm_parameter",
      "name": "private_subnet_ids",
      "provider": "provider[\"registry.terraform.io/hashicorp/aws\"]",
      "instances": [
        {
          "schema_version": 0,
          "attributes": {
            "arn": "arn:aws:ssm:us-east-1:285729811195:parameter/Roboshop/DEV/private_subnet_ids",
            "id": "/Roboshop/DEV/private_subnet_ids",
            "insecure_value": "subnet-0d52e1c2058dc4d6a,subnet-0785f2334b1aa7ab4",
            "name": "/Roboshop/DEV/private_subnet_ids",
            "region": "us-east-1",
            "type": "StringList",
            "value": "subnet-0d52e1c2058dc4d6a,subnet-0785f2334b1aa7ab4",
            "version": 1,
            "with_decryption": true
          },
          "sensitive_attributes": [
            [
              {
                "type": "get_attr",
                "value": "value"
              }
            ]
          ]
        }
      ]
    },
    {
      "mode": "data",
      "type": "aws_ssm_parameter",
      "name": "vpc_id",
      "provider": "provider[\"registry.terraform.io/hashicorp/aws\"]",
      "instances": [
        {
          "schema_version": 0,
          "attributes": {
            "arn": "arn:aws:ssm:us-east-1:285729811195:parameter/Roboshop/DEV/vpc_id",
            "id": "/Roboshop/DEV/vpc_id",
            "insecure_value": "vpc-00b3511d793dc2fd3",
            "name": "/Roboshop/DEV/vpc_id",
            "region": "us-east-1",
            "type": "String",
            "value": "vpc-00b3511d793dc2fd3",
            "version": 1,
            "with_decryption": true
          },
          "sensitive_attributes": [
            [
              {
                "type": "get_attr",
                "value": "value"
              }
            ]
          ]
        }
      ]
    },
    {
      "mode": "managed",
      "type": "aws_lb",
      "name": "app_alb",
      "provider": "provider[\"registry.terraform.io/hashicorp/aws\"]",
      "instances": [
        {
          "schema_version": 0,
          "attributes": {
            "access_logs": [
              {
                "bucket": "",
                "enabled": false,
                "prefix": ""
              }
            ],
            "arn": "arn:aws:elasticloadbalancing:us-east-1:285729811195:loadbalancer/app/Roboshop-APP-ALB/1a793a483917845c",
            "arn_suffix": "app/Roboshop-APP-ALB/1a793a483917845c",
            "client_keep_alive": 3600,
            "connection_logs": [
              {
                "bucket": "",
                "enabled": false,
                "prefix": ""
              }
            ],
            "customer_owned_ipv4_pool": "",
            "desync_mitigation_mode": "defensive",
            "dns_name": "internal-Roboshop-APP-ALB-873705047.us-east-1.elb.amazonaws.com",
            "dns_record_client_routing_policy": null,
            "drop_invalid_header_fields": false,
            "enable_cross_zone_load_balancing": true,
            "enable_deletion_protection": false,
            "enable_http2": true,
            "enable_tls_version_and_cipher_suite_headers": false,
            "enable_waf_fail_open": false,
            "enable_xff_client_port": false,
            "enable_zonal_shift": false,
            "enforce_security_group_inbound_rules_on_private_link_traffic": "",
            "id": "arn:aws:elasticloadbalancing:us-east-1:285729811195:loadbalancer/app/Roboshop-APP-ALB/1a793a483917845c",
            "idle_timeout": 60,
            "internal": true,
            "ip_address_type": "ipv4",
            "ipam_pools": [],
            "load_balancer_type": "application",
            "minimum_load_balancer_capacity": [],
            "name": "Roboshop-APP-ALB",
            "name_prefix": "",
            "preserve_host_header": false,
            "region": "us-east-1",
            "security_groups": [
              "sg-0258f62db2431de38"
            ],
            "subnet_mapping": [
              {
                "allocation_id": "",
                "ipv6_address": "",
                "outpost_id": "",
                "private_ipv4_address": "",
                "subnet_id": "subnet-0785f2334b1aa7ab4"
              },
              {
                "allocation_id": "",
                "ipv6_address": "",
                "outpost_id": "",
                "private_ipv4_address": "",
                "subnet_id": "subnet-0d52e1c2058dc4d6a"
              }
            ],
            "subnets": [
              "subnet-0785f2334b1aa7ab4",
              "subnet-0d52e1c2058dc4d6a"
            ],
            "tags": {
              "Component": "APP-ALB",
              "Environment": "DEV",
              "Project": "Roboshop",
              "Terraform": "true"
            },
            "tags_all": {
              "Component": "APP-ALB",
              "Environment": "DEV",
              "Project": "Roboshop",
              "Terraform": "true"
            },
            "timeouts": null,
            "vpc_id": "vpc-00b3511d793dc2fd3",
            "xff_header_processing_mode": "append",
            "zone_id": "Z35SXDOTRQ7X7K"
          },
          "sensitive_attributes": [
            [
              {
                "type": "get_attr",
                "value": "subnets"
              }
            ],
            [
              {
                "type": "get_attr",
                "value": "security_groups"
              }
            ]
          ],
          "private": "eyJlMmJmYjczMC1lY2FhLTExZTYtOGY4OC0zNDM2M2JjN2M0YzAiOnsiY3JlYXRlIjo2MDAwMDAwMDAwMDAsImRlbGV0ZSI6NjAwMDAwMDAwMDAwLCJ1cGRhdGUiOjYwMDAwMDAwMDAwMH19",
          "dependencies": [
            "data.aws_ssm_parameter.app_alb_sg_id",
            "data.aws_ssm_parameter.private_subnet_ids"
          ]
        }
      ]
    },
    {
      "mode": "managed",
      "type": "aws_lb_listener",
      "name": "http",
      "provider": "provider[\"registry.terraform.io/hashicorp/aws\"]",
      "instances": [
        {
          "schema_version": 0,
          "attributes": {
            "alpn_policy": null,
            "arn": "arn:aws:elasticloadbalancing:us-east-1:285729811195:listener/app/Roboshop-APP-ALB/1a793a483917845c/4c0415008889f822",
            "certificate_arn": null,
            "default_action": [
              {
                "authenticate_cognito": [],
                "authenticate_oidc": [],
                "fixed_response": [
                  {
                    "content_type": "text/plain",
                    "message_body": "This is the fixed response from APP ALB",
                    "status_code": "200"
                  }
                ],
                "forward": [],
                "order": 1,
                "redirect": [],
                "target_group_arn": "",
                "type": "fixed-response"
              }
            ],
            "id": "arn:aws:elasticloadbalancing:us-east-1:285729811195:listener/app/Roboshop-APP-ALB/1a793a483917845c/4c0415008889f822",
            "load_balancer_arn": "arn:aws:elasticloadbalancing:us-east-1:285729811195:loadbalancer/app/Roboshop-APP-ALB/1a793a483917845c",
            "mutual_authentication": [],
            "port": 80,
            "protocol": "HTTP",
            "region": "us-east-1",
            "routing_http_request_x_amzn_mtls_clientcert_header_name": null,
            "routing_http_request_x_amzn_mtls_clientcert_issuer_header_name": null,
            "routing_http_request_x_amzn_mtls_clientcert_leaf_header_name": null,
            "routing_http_request_x_amzn_mtls_clientcert_serial_number_header_name": null,
            "routing_http_request_x_amzn_mtls_clientcert_subject_header_name": null,
            "routing_http_request_x_amzn_mtls_clientcert_validity_header_name": null,
            "routing_http_request_x_amzn_tls_cipher_suite_header_name": null,
            "routing_http_request_x_amzn_tls_version_header_name": null,
            "routing_http_response_access_control_allow_credentials_header_value": "",
            "routing_http_response_access_control_allow_headers_header_value": "",
            "routing_http_response_access_control_allow_methods_header_value": "",
            "routing_http_response_access_control_allow_origin_header_value": "",
            "routing_http_response_access_control_expose_headers_header_value": "",
            "routing_http_response_access_control_max_age_header_value": "",
            "routing_http_response_content_security_policy_header_value": "",
            "routing_http_response_server_enabled": true,
            "routing_http_response_strict_transport_security_header_value": "",
            "routing_http_response_x_content_type_options_header_value": "",
            "routing_http_response_x_frame_options_header_value": "",
            "ssl_policy": "",
            "tags": null,
            "tags_all": {},
            "tcp_idle_timeout_seconds": null,
            "timeouts": null
          },
          "sensitive_attributes": [],
          "private": "eyJlMmJmYjczMC1lY2FhLTExZTYtOGY4OC0zNDM2M2JjN2M0YzAiOnsiY3JlYXRlIjozMDAwMDAwMDAwMDAsInVwZGF0ZSI6MzAwMDAwMDAwMDAwfX0=",
          "dependencies": [
            "aws_lb.app_alb",
            "data.aws_ssm_parameter.app_alb_sg_id",
            "data.aws_ssm_parameter.private_subnet_ids"
          ]
        }
      ]
    },
    {
      "mode": "managed",
      "type": "aws_ssm_parameter",
      "name": "app_alb_listener_arn",
      "provider": "provider[\"registry.terraform.io/hashicorp/aws\"]",
      "instances": [
        {
          "schema_version": 0,
          "attributes": {
            "allowed_pattern": "",
            "arn": "arn:aws:ssm:us-east-1:285729811195:parameter/Roboshop/DEV/app_alb_listener_arn",
            "data_type": "text",
            "description": "",
            "has_value_wo": null,
            "id": "/Roboshop/DEV/app_alb_listener_arn",
            "insecure_value": null,
            "key_id": "",
            "name": "/Roboshop/DEV/app_alb_listener_arn",
            "overwrite": null,
            "region": "us-east-1",
            "tags": null,
            "tags_all": {},
            "tier": "Standard",
            "type": "String",
            "value": "arn:aws:elasticloadbalancing:us-east-1:285729811195:listener/app/Roboshop-APP-ALB/1a793a483917845c/4c0415008889f822",
            "value_wo": null,
            "value_wo_version": null,
            "version": 1
          },
          "sensitive_attributes": [
            [
              {
                "type": "get_attr",
                "value": "value_wo"
              }
            ],
            [
              {
                "type": "get_attr",
                "value": "value"
              }
            ]
          ],
          "private": "bnVsbA==",
          "dependencies": [
            "aws_lb.app_alb",
            "aws_lb_listener.http",
            "data.aws_ssm_parameter.app_alb_sg_id",
            "data.aws_ssm_parameter.private_subnet_ids"
          ]
        }
      ]
    },
    {
      "module": "module.records",
      "mode": "data",
      "type": "aws_route53_zone",
      "name": "this",
      "provider": "provider[\"registry.terraform.io/hashicorp/aws\"]",
      "instances": [
        {
          "index_key": 0,
          "schema_version": 0,
          "attributes": {
            "arn": "arn:aws:route53:::hostedzone/Z01718381OWWTO2IAOCWK",
            "caller_reference": "816e0ca7-3b73-455c-a8fe-5c1bef3896f1",
            "comment": "",
            "id": "Z01718381OWWTO2IAOCWK",
            "linked_service_description": null,
            "linked_service_principal": null,
            "name": "practicedevops.store",
            "name_servers": [
              "ns-1982.awsdns-55.co.uk",
              "ns-1387.awsdns-45.org",
              "ns-290.awsdns-36.com",
              "ns-858.awsdns-43.net"
            ],
            "primary_name_server": "ns-1982.awsdns-55.co.uk",
            "private_zone": false,
            "resource_record_set_count": 3,
            "tags": {},
            "vpc_id": null,
            "zone_id": "Z01718381OWWTO2IAOCWK"
          },
          "sensitive_attributes": []
        }
      ]
    },
    {
      "module": "module.records",
      "mode": "managed",
      "type": "aws_route53_record",
      "name": "this",
      "provider": "provider[\"registry.terraform.io/hashicorp/aws\"]",
      "instances": [
        {
          "index_key": "*.app A",
          "schema_version": 2,
          "attributes": {
            "alias": [
              {
                "evaluate_target_health": false,
                "name": "internal-roboshop-app-alb-873705047.us-east-1.elb.amazonaws.com",
                "zone_id": "Z35SXDOTRQ7X7K"
              }
            ],
            "allow_overwrite": false,
            "cidr_routing_policy": [],
            "failover_routing_policy": [],
            "fqdn": "*.app.practicedevops.store",
            "geolocation_routing_policy": [],
            "geoproximity_routing_policy": [],
            "health_check_id": "",
            "id": "Z01718381OWWTO2IAOCWK_*.app.practicedevops.store_A",
            "latency_routing_policy": [],
            "multivalue_answer_routing_policy": false,
            "name": "*.app.practicedevops.store",
            "records": null,
            "set_identifier": "",
            "timeouts": null,
            "ttl": 0,
            "type": "A",
            "weighted_routing_policy": [],
            "zone_id": "Z01718381OWWTO2IAOCWK"
          },
          "sensitive_attributes": [],
          "private": "eyJlMmJmYjczMC1lY2FhLTExZTYtOGY4OC0zNDM2M2JjN2M0YzAiOnsiY3JlYXRlIjoxODAwMDAwMDAwMDAwLCJkZWxldGUiOjE4MDAwMDAwMDAwMDAsInVwZGF0ZSI6MTgwMDAwMDAwMDAwMH0sInNjaGVtYV92ZXJzaW9uIjoiMiJ9",
          "dependencies": [
            "aws_lb.app_alb",
            "data.aws_ssm_parameter.app_alb_sg_id",
            "data.aws_ssm_parameter.private_subnet_ids",
            "module.records.data.aws_route53_zone.this"
          ]
        }
      ]
    }
  ],
  "check_results": null
}
