{
  "version": 4,
  "terraform_version": "1.8.1",
  "serial": 79,
  "lineage": "45a88c30-cc6a-285e-347b-fe43c806a98a",
  "outputs": {},
  "resources": [
    {
      "mode": "data",
      "type": "aws_ami",
      "name": "amazon_linux_Redhat",
      "provider": "provider[\"registry.terraform.io/hashicorp/aws\"]",
      "instances": [
        {
          "schema_version": 0,
          "attributes": {
            "allow_unsafe_filter": null,
            "architecture": "x86_64",
            "arn": "arn:aws:ec2:us-east-1::image/ami-09c813fb71547fc4f",
            "block_device_mappings": [
              {
                "device_name": "/dev/sda1",
                "ebs": {
                  "delete_on_termination": "true",
                  "encrypted": "false",
                  "iops": "3000",
                  "snapshot_id": "snap-0c5265d8b25057b9a",
                  "throughput": "125",
                  "volume_initialization_rate": "0",
                  "volume_size": "20",
                  "volume_type": "gp3"
                },
                "no_device": "",
                "virtual_name": ""
              }
            ],
            "boot_mode": "uefi-preferred",
            "creation_date": "2024-08-31T15:24:38.000Z",
            "deprecation_time": "2026-08-31T15:24:38.000Z",
            "description": "",
            "ena_support": true,
            "executable_users": null,
            "filter": [
              {
                "name": "name",
                "values": [
                  "RHEL-9-DevOps-Practice"
                ]
              }
            ],
            "hypervisor": "xen",
            "id": "ami-09c813fb71547fc4f",
            "image_id": "ami-09c813fb71547fc4f",
            "image_location": "973714476881/RHEL-9-DevOps-Practice",
            "image_owner_alias": "",
            "image_type": "machine",
            "imds_support": "",
            "include_deprecated": false,
            "kernel_id": "",
            "last_launched_time": "",
            "most_recent": true,
            "name": "RHEL-9-DevOps-Practice",
            "name_regex": null,
            "owner_id": "973714476881",
            "owners": [
              "973714476881"
            ],
            "platform": "",
            "platform_details": "Red Hat Enterprise Linux",
            "product_codes": [],
            "public": true,
            "ramdisk_id": "",
            "region": "us-east-1",
            "root_device_name": "/dev/sda1",
            "root_device_type": "ebs",
            "root_snapshot_id": "snap-0c5265d8b25057b9a",
            "sriov_net_support": "simple",
            "state": "available",
            "state_reason": {
              "code": "UNSET",
              "message": "UNSET"
            },
            "tags": {},
            "timeouts": null,
            "tpm_support": "",
            "uefi_data": null,
            "usage_operation": "RunInstances:0010",
            "virtualization_type": "hvm"
          },
          "sensitive_attributes": []
        }
      ]
    },
    {
      "mode": "data",
      "type": "aws_ssm_parameter",
      "name": "app_alb_listener_arn",
      "provider": "provider[\"registry.terraform.io/hashicorp/aws\"]",
      "instances": [
        {
          "schema_version": 0,
          "attributes": {
            "arn": "arn:aws:ssm:us-east-1:285729811195:parameter/Roboshop/DEV/app_alb_listener_arn",
            "id": "/Roboshop/DEV/app_alb_listener_arn",
            "insecure_value": "arn:aws:elasticloadbalancing:us-east-1:285729811195:listener/app/Roboshop-APP-ALB/1a793a483917845c/4c0415008889f822",
            "name": "/Roboshop/DEV/app_alb_listener_arn",
            "region": "us-east-1",
            "type": "String",
            "value": "arn:aws:elasticloadbalancing:us-east-1:285729811195:listener/app/Roboshop-APP-ALB/1a793a483917845c/4c0415008889f822",
            "version": 1,
            "with_decryption": true
          },
          "sensitive_attributes": [
            [
              {
                "type": "get_attr",
                "value": "value"
              }
            ]
          ]
        }
      ]
    },
    {
      "mode": "data",
      "type": "aws_ssm_parameter",
      "name": "app_alb_sg_id",
      "provider": "provider[\"registry.terraform.io/hashicorp/aws\"]",
      "instances": [
        {
          "schema_version": 0,
          "attributes": {
            "arn": "arn:aws:ssm:us-east-1:285729811195:parameter/Roboshop/DEV/app_alb_sg_id",
            "id": "/Roboshop/DEV/app_alb_sg_id",
            "insecure_value": "sg-0258f62db2431de38",
            "name": "/Roboshop/DEV/app_alb_sg_id",
            "region": "us-east-1",
            "type": "String",
            "value": "sg-0258f62db2431de38",
            "version": 1,
            "with_decryption": true
          },
          "sensitive_attributes": [
            [
              {
                "type": "get_attr",
                "value": "value"
              }
            ]
          ]
        }
      ]
    },
    {
      "mode": "data",
      "type": "aws_ssm_parameter",
      "name": "catalogue_sg_id",
      "provider": "provider[\"registry.terraform.io/hashicorp/aws\"]",
      "instances": [
        {
          "schema_version": 0,
          "attributes": {
            "arn": "arn:aws:ssm:us-east-1:285729811195:parameter/Roboshop/DEV/catalogue_sg_id",
            "id": "/Roboshop/DEV/catalogue_sg_id",
            "insecure_value": "sg-02ed23fcd90316423",
            "name": "/Roboshop/DEV/catalogue_sg_id",
            "region": "us-east-1",
            "type": "String",
            "value": "sg-02ed23fcd90316423",
            "version": 1,
            "with_decryption": true
          },
          "sensitive_attributes": [
            [
              {
                "type": "get_attr",
                "value": "value"
              }
            ]
          ]
        }
      ]
    },
    {
      "mode": "data",
      "type": "aws_ssm_parameter",
      "name": "private_subnet_ids",
      "provider": "provider[\"registry.terraform.io/hashicorp/aws\"]",
      "instances": [
        {
          "schema_version": 0,
          "attributes": {
            "arn": "arn:aws:ssm:us-east-1:285729811195:parameter/Roboshop/DEV/private_subnet_ids",
            "id": "/Roboshop/DEV/private_subnet_ids",
            "insecure_value": "subnet-0d52e1c2058dc4d6a,subnet-0785f2334b1aa7ab4",
            "name": "/Roboshop/DEV/private_subnet_ids",
            "region": "us-east-1",
            "type": "StringList",
            "value": "subnet-0d52e1c2058dc4d6a,subnet-0785f2334b1aa7ab4",
            "version": 1,
            "with_decryption": true
          },
          "sensitive_attributes": [
            [
              {
                "type": "get_attr",
                "value": "value"
              }
            ]
          ]
        }
      ]
    },
    {
      "mode": "data",
      "type": "aws_ssm_parameter",
      "name": "vpc_id",
      "provider": "provider[\"registry.terraform.io/hashicorp/aws\"]",
      "instances": [
        {
          "schema_version": 0,
          "attributes": {
            "arn": "arn:aws:ssm:us-east-1:285729811195:parameter/Roboshop/DEV/vpc_id",
            "id": "/Roboshop/DEV/vpc_id",
            "insecure_value": "vpc-00b3511d793dc2fd3",
            "name": "/Roboshop/DEV/vpc_id",
            "region": "us-east-1",
            "type": "String",
            "value": "vpc-00b3511d793dc2fd3",
            "version": 1,
            "with_decryption": true
          },
          "sensitive_attributes": [
            [
              {
                "type": "get_attr",
                "value": "value"
              }
            ]
          ]
        }
      ]
    },
    {
      "mode": "managed",
      "type": "aws_autoscaling_group",
      "name": "catalogue",
      "provider": "provider[\"registry.terraform.io/hashicorp/aws\"]",
      "instances": [
        {
          "schema_version": 1,
          "attributes": {
            "arn": "arn:aws:autoscaling:us-east-1:285729811195:autoScalingGroup:052d1859-c0cc-4333-b07e-eab57a195290:autoScalingGroupName/Roboshop-catalogue",
            "availability_zone_distribution": [
              {
                "capacity_distribution_strategy": "balanced-best-effort"
              }
            ],
            "availability_zones": [
              "us-east-1a",
              "us-east-1b"
            ],
            "capacity_rebalance": false,
            "capacity_reservation_specification": [
              {
                "capacity_reservation_preference": "default",
                "capacity_reservation_target": []
              }
            ],
            "context": "",
            "default_cooldown": 300,
            "default_instance_warmup": 0,
            "desired_capacity": 2,
            "desired_capacity_type": "",
            "enabled_metrics": null,
            "force_delete": false,
            "force_delete_warm_pool": false,
            "health_check_grace_period": 300,
            "health_check_type": "ELB",
            "id": "Roboshop-catalogue",
            "ignore_failed_scaling_activities": false,
            "initial_lifecycle_hook": [],
            "instance_maintenance_policy": [],
            "instance_refresh": [],
            "launch_configuration": "",
            "launch_template": [
              {
                "id": "lt-0b305a06e8d6e1da1",
                "name": "Roboshop-catalogue",
                "version": "$Latest"
              }
            ],
            "load_balancers": [],
            "max_instance_lifetime": 0,
            "max_size": 5,
            "metrics_granularity": "1Minute",
            "min_elb_capacity": null,
            "min_size": 2,
            "mixed_instances_policy": [],
            "name": "Roboshop-catalogue",
            "name_prefix": "",
            "placement_group": "",
            "predicted_capacity": 0,
            "protect_from_scale_in": false,
            "region": "us-east-1",
            "service_linked_role_arn": "arn:aws:iam::285729811195:role/aws-service-role/autoscaling.amazonaws.com/AWSServiceRoleForAutoScaling",
            "suspended_processes": null,
            "tag": [
              {
                "key": "Name",
                "propagate_at_launch": true,
                "value": "Catalogue"
              }
            ],
            "target_group_arns": [
              "arn:aws:elasticloadbalancing:us-east-1:285729811195:targetgroup/Roboshop-catalogue/eb5d1e3720f24491"
            ],
            "termination_policies": null,
            "timeouts": {
              "delete": "15m",
              "update": null
            },
            "traffic_source": [
              {
                "identifier": "arn:aws:elasticloadbalancing:us-east-1:285729811195:targetgroup/Roboshop-catalogue/eb5d1e3720f24491",
                "type": "elbv2"
              }
            ],
            "vpc_zone_identifier": [
              "subnet-0785f2334b1aa7ab4",
              "subnet-0d52e1c2058dc4d6a"
            ],
            "wait_for_capacity_timeout": "10m",
            "wait_for_elb_capacity": null,
            "warm_pool": [],
            "warm_pool_size": 0
          },
          "sensitive_attributes": [
            [
              {
                "type": "get_attr",
                "value": "vpc_zone_identifier"
              }
            ]
          ],
          "private": "eyJlMmJmYjczMC1lY2FhLTExZTYtOGY4OC0zNDM2M2JjN2M0YzAiOnsiZGVsZXRlIjo5MDAwMDAwMDAwMDAsInVwZGF0ZSI6NjAwMDAwMDAwMDAwfSwic2NoZW1hX3ZlcnNpb24iOiIxIn0=",
          "dependencies": [
            "aws_launch_template.catalogue",
            "aws_lb_target_group.catalogue",
            "data.aws_ami.amazon_linux_Redhat",
            "data.aws_ssm_parameter.catalogue_sg_id",
            "data.aws_ssm_parameter.private_subnet_ids",
            "data.aws_ssm_parameter.vpc_id"
          ]
        }
      ]
    },
    {
      "mode": "managed",
      "type": "aws_autoscaling_policy",
      "name": "catalogue",
      "provider": "provider[\"registry.terraform.io/hashicorp/aws\"]",
      "instances": [
        {
          "schema_version": 0,
          "attributes": {
            "adjustment_type": "",
            "arn": "arn:aws:autoscaling:us-east-1:285729811195:scalingPolicy:6149bea9-6eb2-4b58-8cf8-4d4ac769c6a4:autoScalingGroupName/Roboshop-catalogue:policyName/cpu",
            "autoscaling_group_name": "Roboshop-catalogue",
            "cooldown": 0,
            "enabled": true,
            "estimated_instance_warmup": 0,
            "id": "cpu",
            "metric_aggregation_type": "",
            "min_adjustment_magnitude": 0,
            "name": "cpu",
            "policy_type": "TargetTrackingScaling",
            "predictive_scaling_configuration": [],
            "region": "us-east-1",
            "scaling_adjustment": 0,
            "step_adjustment": [],
            "target_tracking_configuration": [
              {
                "customized_metric_specification": [],
                "disable_scale_in": false,
                "predefined_metric_specification": [
                  {
                    "predefined_metric_type": "ASGAverageCPUUtilization",
                    "resource_label": ""
                  }
                ],
                "target_value": 50
              }
            ]
          },
          "sensitive_attributes": [],
          "private": "bnVsbA==",
          "dependencies": [
            "aws_autoscaling_group.catalogue",
            "aws_launch_template.catalogue",
            "aws_lb_target_group.catalogue",
            "data.aws_ami.amazon_linux_Redhat",
            "data.aws_ssm_parameter.catalogue_sg_id",
            "data.aws_ssm_parameter.private_subnet_ids",
            "data.aws_ssm_parameter.vpc_id"
          ]
        }
      ]
    },
    {
      "mode": "managed",
      "type": "aws_launch_template",
      "name": "catalogue",
      "provider": "provider[\"registry.terraform.io/hashicorp/aws\"]",
      "instances": [
        {
          "schema_version": 0,
          "attributes": {
            "arn": "arn:aws:ec2:us-east-1:285729811195:launch-template/lt-0b305a06e8d6e1da1",
            "block_device_mappings": [],
            "capacity_reservation_specification": [],
            "cpu_options": [],
            "credit_specification": [],
            "default_version": 1,
            "description": "",
            "disable_api_stop": false,
            "disable_api_termination": false,
            "ebs_optimized": "",
            "enclave_options": [],
            "hibernation_options": [],
            "iam_instance_profile": [],
            "id": "lt-0b305a06e8d6e1da1",
            "image_id": "ami-09c813fb71547fc4f",
            "instance_initiated_shutdown_behavior": "terminate",
            "instance_market_options": [],
            "instance_requirements": [],
            "instance_type": "t2.micro",
            "kernel_id": "",
            "key_name": "",
            "latest_version": 1,
            "license_specification": [],
            "maintenance_options": [],
            "metadata_options": [],
            "monitoring": [],
            "name": "Roboshop-catalogue",
            "name_prefix": "",
            "network_interfaces": [],
            "placement": [],
            "private_dns_name_options": [],
            "ram_disk_id": "",
            "region": "us-east-1",
            "security_group_names": null,
            "tag_specifications": [
              {
                "resource_type": "instance",
                "tags": {
                  "Name": "catalogue"
                }
              }
            ],
            "tags": null,
            "tags_all": {},
            "update_default_version": null,
            "user_data": "IyFiaW4vYmFzaAoKCmNkIC9ob21lL2VjMi11c2VyCmdpdCBjbG9uZSBodHRwczovL2dpdGh1Yi5jb20vZGV2YXJhY2hhbmRyYXNla2hhci9Sb2Jvc2hvcF9TaGVsbC5naXQKY2QgUm9ib3Nob3BfU2hlbGwKc2ggY2F0YWxvZ3VlLnNo",
            "vpc_security_group_ids": [
              "sg-02ed23fcd90316423"
            ]
          },
          "sensitive_attributes": [
            [
              {
                "type": "get_attr",
                "value": "vpc_security_group_ids"
              }
            ]
          ],
          "private": "bnVsbA==",
          "dependencies": [
            "data.aws_ami.amazon_linux_Redhat",
            "data.aws_ssm_parameter.catalogue_sg_id"
          ]
        }
      ]
    },
    {
      "mode": "managed",
      "type": "aws_lb_listener_rule",
      "name": "catalogue",
      "provider": "provider[\"registry.terraform.io/hashicorp/aws\"]",
      "instances": [
        {
          "schema_version": 0,
          "attributes": {
            "action": [
              {
                "authenticate_cognito": [],
                "authenticate_oidc": [],
                "fixed_response": [],
                "forward": [],
                "order": 1,
                "redirect": [],
                "target_group_arn": "arn:aws:elasticloadbalancing:us-east-1:285729811195:targetgroup/Roboshop-catalogue/eb5d1e3720f24491",
                "type": "forward"
              }
            ],
            "arn": "arn:aws:elasticloadbalancing:us-east-1:285729811195:listener-rule/app/Roboshop-APP-ALB/1a793a483917845c/4c0415008889f822/7b4e5cbe7fc78211",
            "condition": [
              {
                "host_header": [
                  {
                    "values": [
                      "catalogue.app.practicedevops.store"
                    ]
                  }
                ],
                "http_header": [],
                "http_request_method": [],
                "path_pattern": [],
                "query_string": [],
                "source_ip": []
              }
            ],
            "id": "arn:aws:elasticloadbalancing:us-east-1:285729811195:listener-rule/app/Roboshop-APP-ALB/1a793a483917845c/4c0415008889f822/7b4e5cbe7fc78211",
            "listener_arn": "arn:aws:elasticloadbalancing:us-east-1:285729811195:listener/app/Roboshop-APP-ALB/1a793a483917845c/4c0415008889f822",
            "priority": 10,
            "region": "us-east-1",
            "tags": null,
            "tags_all": {}
          },
          "sensitive_attributes": [
            [
              {
                "type": "get_attr",
                "value": "listener_arn"
              }
            ]
          ],
          "private": "bnVsbA==",
          "dependencies": [
            "aws_lb_target_group.catalogue",
            "data.aws_ssm_parameter.app_alb_listener_arn",
            "data.aws_ssm_parameter.vpc_id"
          ]
        }
      ]
    },
    {
      "mode": "managed",
      "type": "aws_lb_target_group",
      "name": "catalogue",
      "provider": "provider[\"registry.terraform.io/hashicorp/aws\"]",
      "instances": [
        {
          "schema_version": 0,
          "attributes": {
            "arn": "arn:aws:elasticloadbalancing:us-east-1:285729811195:targetgroup/Roboshop-catalogue/eb5d1e3720f24491",
            "arn_suffix": "targetgroup/Roboshop-catalogue/eb5d1e3720f24491",
            "connection_termination": null,
            "deregistration_delay": "300",
            "health_check": [
              {
                "enabled": true,
                "healthy_threshold": 2,
                "interval": 15,
                "matcher": "200-299",
                "path": "/health",
                "port": "8080",
                "protocol": "HTTP",
                "timeout": 5,
                "unhealthy_threshold": 3
              }
            ],
            "id": "arn:aws:elasticloadbalancing:us-east-1:285729811195:targetgroup/Roboshop-catalogue/eb5d1e3720f24491",
            "ip_address_type": "ipv4",
            "lambda_multi_value_headers_enabled": false,
            "load_balancer_arns": [],
            "load_balancing_algorithm_type": "round_robin",
            "load_balancing_anomaly_mitigation": "off",
            "load_balancing_cross_zone_enabled": "use_load_balancer_configuration",
            "name": "Roboshop-catalogue",
            "name_prefix": "",
            "port": 8080,
            "preserve_client_ip": null,
            "protocol": "HTTP",
            "protocol_version": "HTTP1",
            "proxy_protocol_v2": false,
            "region": "us-east-1",
            "slow_start": 0,
            "stickiness": [
              {
                "cookie_duration": 86400,
                "cookie_name": "",
                "enabled": false,
                "type": "lb_cookie"
              }
            ],
            "tags": null,
            "tags_all": {},
            "target_failover": [
              {
                "on_deregistration": null,
                "on_unhealthy": null
              }
            ],
            "target_group_health": [
              {
                "dns_failover": [
                  {
                    "minimum_healthy_targets_count": "1",
                    "minimum_healthy_targets_percentage": "off"
                  }
                ],
                "unhealthy_state_routing": [
                  {
                    "minimum_healthy_targets_count": 1,
                    "minimum_healthy_targets_percentage": "off"
                  }
                ]
              }
            ],
            "target_health_state": [
              {
                "enable_unhealthy_connection_termination": null,
                "unhealthy_draining_interval": null
              }
            ],
            "target_type": "instance",
            "vpc_id": "vpc-00b3511d793dc2fd3"
          },
          "sensitive_attributes": [
            [
              {
                "type": "get_attr",
                "value": "vpc_id"
              }
            ]
          ],
          "private": "bnVsbA==",
          "dependencies": [
            "data.aws_ssm_parameter.vpc_id"
          ]
        }
      ]
    }
  ],
  "check_results": null
}
