{
  "version": 4,
  "terraform_version": "1.8.1",
  "serial": 126,
  "lineage": "65f72d24-240e-c78e-b7e0-bdd3b61103c5",
  "outputs": {
    "db_subnets": {
      "value": "subnet-00d4b7c3a4411c021",
      "type": "string",
      "sensitive": true
    }
  },
  "resources": [
    {
      "mode": "data",
      "type": "aws_ami",
      "name": "amazon_linux_Redhat",
      "provider": "provider[\"registry.terraform.io/hashicorp/aws\"]",
      "instances": [
        {
          "schema_version": 0,
          "attributes": {
            "allow_unsafe_filter": null,
            "architecture": "x86_64",
            "arn": "arn:aws:ec2:us-east-1::image/ami-09c813fb71547fc4f",
            "block_device_mappings": [
              {
                "device_name": "/dev/sda1",
                "ebs": {
                  "delete_on_termination": "true",
                  "encrypted": "false",
                  "iops": "3000",
                  "snapshot_id": "snap-0c5265d8b25057b9a",
                  "throughput": "125",
                  "volume_initialization_rate": "0",
                  "volume_size": "20",
                  "volume_type": "gp3"
                },
                "no_device": "",
                "virtual_name": ""
              }
            ],
            "boot_mode": "uefi-preferred",
            "creation_date": "2024-08-31T15:24:38.000Z",
            "deprecation_time": "2026-08-31T15:24:38.000Z",
            "description": "",
            "ena_support": true,
            "executable_users": null,
            "filter": [
              {
                "name": "name",
                "values": [
                  "RHEL-9-DevOps-Practice"
                ]
              }
            ],
            "hypervisor": "xen",
            "id": "ami-09c813fb71547fc4f",
            "image_id": "ami-09c813fb71547fc4f",
            "image_location": "973714476881/RHEL-9-DevOps-Practice",
            "image_owner_alias": "",
            "image_type": "machine",
            "imds_support": "",
            "include_deprecated": false,
            "kernel_id": "",
            "last_launched_time": "",
            "most_recent": true,
            "name": "RHEL-9-DevOps-Practice",
            "name_regex": null,
            "owner_id": "973714476881",
            "owners": [
              "973714476881"
            ],
            "platform": "",
            "platform_details": "Red Hat Enterprise Linux",
            "product_codes": [],
            "public": true,
            "ramdisk_id": "",
            "region": "us-east-1",
            "root_device_name": "/dev/sda1",
            "root_device_type": "ebs",
            "root_snapshot_id": "snap-0c5265d8b25057b9a",
            "sriov_net_support": "simple",
            "state": "available",
            "state_reason": {
              "code": "UNSET",
              "message": "UNSET"
            },
            "tags": {},
            "timeouts": null,
            "tpm_support": "",
            "uefi_data": null,
            "usage_operation": "RunInstances:0010",
            "virtualization_type": "hvm"
          },
          "sensitive_attributes": []
        }
      ]
    },
    {
      "mode": "data",
      "type": "aws_ssm_parameter",
      "name": "database_subnet_ids",
      "provider": "provider[\"registry.terraform.io/hashicorp/aws\"]",
      "instances": [
        {
          "schema_version": 0,
          "attributes": {
            "arn": "arn:aws:ssm:us-east-1:285729811195:parameter/Roboshop/DEV/database_subnet_ids",
            "id": "/Roboshop/DEV/database_subnet_ids",
            "insecure_value": "subnet-00d4b7c3a4411c021,subnet-0822afff993fef25a",
            "name": "/Roboshop/DEV/database_subnet_ids",
            "region": "us-east-1",
            "type": "StringList",
            "value": "subnet-00d4b7c3a4411c021,subnet-0822afff993fef25a",
            "version": 1,
            "with_decryption": true
          },
          "sensitive_attributes": [
            [
              {
                "type": "get_attr",
                "value": "value"
              }
            ]
          ]
        }
      ]
    },
    {
      "mode": "data",
      "type": "aws_ssm_parameter",
      "name": "mongodb_sg_id",
      "provider": "provider[\"registry.terraform.io/hashicorp/aws\"]",
      "instances": [
        {
          "schema_version": 0,
          "attributes": {
            "arn": "arn:aws:ssm:us-east-1:285729811195:parameter/Roboshop/DEV/mongodb_sg_id",
            "id": "/Roboshop/DEV/mongodb_sg_id",
            "insecure_value": "sg-028309d3912210305",
            "name": "/Roboshop/DEV/mongodb_sg_id",
            "region": "us-east-1",
            "type": "String",
            "value": "sg-028309d3912210305",
            "version": 1,
            "with_decryption": true
          },
          "sensitive_attributes": [
            [
              {
                "type": "get_attr",
                "value": "value"
              }
            ]
          ]
        }
      ]
    },
    {
      "mode": "data",
      "type": "aws_ssm_parameter",
      "name": "vpc_id",
      "provider": "provider[\"registry.terraform.io/hashicorp/aws\"]",
      "instances": [
        {
          "schema_version": 0,
          "attributes": {
            "arn": "arn:aws:ssm:us-east-1:285729811195:parameter/Roboshop/DEV/vpc_id",
            "id": "/Roboshop/DEV/vpc_id",
            "insecure_value": "vpc-00b3511d793dc2fd3",
            "name": "/Roboshop/DEV/vpc_id",
            "region": "us-east-1",
            "type": "String",
            "value": "vpc-00b3511d793dc2fd3",
            "version": 1,
            "with_decryption": true
          },
          "sensitive_attributes": [
            [
              {
                "type": "get_attr",
                "value": "value"
              }
            ]
          ]
        }
      ]
    },
    {
      "mode": "data",
      "type": "aws_ssm_parameter",
      "name": "vpn_sg_id",
      "provider": "provider[\"registry.terraform.io/hashicorp/aws\"]",
      "instances": [
        {
          "schema_version": 0,
          "attributes": {
            "arn": "arn:aws:ssm:us-east-1:285729811195:parameter/Roboshop/DEV/vpn_sg_id",
            "id": "/Roboshop/DEV/vpn_sg_id",
            "insecure_value": "sg-01534ce90190eea8f",
            "name": "/Roboshop/DEV/vpn_sg_id",
            "region": "us-east-1",
            "type": "String",
            "value": "sg-01534ce90190eea8f",
            "version": 1,
            "with_decryption": true
          },
          "sensitive_attributes": [
            [
              {
                "type": "get_attr",
                "value": "value"
              }
            ]
          ]
        }
      ]
    },
    {
      "module": "module.mongodb_instance",
      "mode": "data",
      "type": "aws_partition",
      "name": "current",
      "provider": "provider[\"registry.terraform.io/hashicorp/aws\"]",
      "instances": [
        {
          "schema_version": 0,
          "attributes": {
            "dns_suffix": "amazonaws.com",
            "id": "aws",
            "partition": "aws",
            "reverse_dns_prefix": "com.amazonaws"
          },
          "sensitive_attributes": []
        }
      ]
    },
    {
      "module": "module.mongodb_instance",
      "mode": "data",
      "type": "aws_subnet",
      "name": "this",
      "provider": "provider[\"registry.terraform.io/hashicorp/aws\"]",
      "instances": [
        {
          "index_key": 0,
          "schema_version": 0,
          "attributes": {
            "arn": "arn:aws:ec2:us-east-1:285729811195:subnet/subnet-00d4b7c3a4411c021",
            "assign_ipv6_address_on_creation": false,
            "availability_zone": "us-east-1a",
            "availability_zone_id": "use1-az1",
            "available_ip_address_count": 251,
            "cidr_block": "10.0.21.0/24",
            "customer_owned_ipv4_pool": "",
            "default_for_az": false,
            "enable_dns64": false,
            "enable_lni_at_device_index": 0,
            "enable_resource_name_dns_a_record_on_launch": false,
            "enable_resource_name_dns_aaaa_record_on_launch": false,
            "filter": null,
            "id": "subnet-00d4b7c3a4411c021",
            "ipv6_cidr_block": "",
            "ipv6_cidr_block_association_id": "",
            "ipv6_native": false,
            "map_customer_owned_ip_on_launch": false,
            "map_public_ip_on_launch": false,
            "outpost_arn": "",
            "owner_id": "285729811195",
            "private_dns_hostname_type_on_launch": "ip-name",
            "region": "us-east-1",
            "state": "available",
            "tags": {
              "Environment": "DEV",
              "Name": "Roboshop-DEV-db-us-east-1a",
              "Project": "Roboshop",
              "Terraform": "true"
            },
            "timeouts": null,
            "vpc_id": "vpc-00b3511d793dc2fd3"
          },
          "sensitive_attributes": [
            [
              {
                "type": "get_attr",
                "value": "id"
              }
            ]
          ]
        }
      ]
    },
    {
      "module": "module.mongodb_instance",
      "mode": "managed",
      "type": "aws_instance",
      "name": "this",
      "provider": "provider[\"registry.terraform.io/hashicorp/aws\"]",
      "instances": [
        {
          "index_key": 0,
          "schema_version": 2,
          "attributes": {
            "ami": "ami-09c813fb71547fc4f",
            "arn": "arn:aws:ec2:us-east-1:285729811195:instance/i-088338918f086b4ac",
            "associate_public_ip_address": false,
            "availability_zone": "us-east-1a",
            "capacity_reservation_specification": [
              {
                "capacity_reservation_preference": "open",
                "capacity_reservation_target": []
              }
            ],
            "cpu_options": [
              {
                "amd_sev_snp": "",
                "core_count": 1,
                "threads_per_core": 1
              }
            ],
            "credit_specification": [
              {
                "cpu_credits": "standard"
              }
            ],
            "disable_api_stop": false,
            "disable_api_termination": false,
            "ebs_block_device": [],
            "ebs_optimized": false,
            "enable_primary_ipv6": null,
            "enclave_options": [
              {
                "enabled": false
              }
            ],
            "ephemeral_block_device": [],
            "get_password_data": false,
            "hibernation": false,
            "host_id": "",
            "host_resource_group_arn": null,
            "iam_instance_profile": "",
            "id": "i-088338918f086b4ac",
            "instance_initiated_shutdown_behavior": "stop",
            "instance_lifecycle": "",
            "instance_market_options": [],
            "instance_state": "running",
            "instance_type": "t2.micro",
            "ipv6_address_count": 0,
            "ipv6_addresses": [],
            "key_name": "",
            "launch_template": [],
            "maintenance_options": [
              {
                "auto_recovery": "default"
              }
            ],
            "metadata_options": [
              {
                "http_endpoint": "enabled",
                "http_protocol_ipv6": "disabled",
                "http_put_response_hop_limit": 1,
                "http_tokens": "required",
                "instance_metadata_tags": "disabled"
              }
            ],
            "monitoring": false,
            "network_interface": [],
            "outpost_arn": "",
            "password_data": "",
            "placement_group": "",
            "placement_partition_number": 0,
            "primary_network_interface_id": "eni-06e5e25a8a1c9c9fa",
            "private_dns": "ip-10-0-21-102.ec2.internal",
            "private_dns_name_options": [
              {
                "enable_resource_name_dns_a_record": false,
                "enable_resource_name_dns_aaaa_record": false,
                "hostname_type": "ip-name"
              }
            ],
            "private_ip": "10.0.21.102",
            "public_dns": "",
            "public_ip": "",
            "region": "us-east-1",
            "root_block_device": [
              {
                "delete_on_termination": true,
                "device_name": "/dev/sda1",
                "encrypted": false,
                "iops": 3000,
                "kms_key_id": "",
                "tags": {},
                "tags_all": {},
                "throughput": 125,
                "volume_id": "vol-099d3a38bd0a16935",
                "volume_size": 20,
                "volume_type": "gp3"
              }
            ],
            "secondary_private_ips": [],
            "security_groups": [],
            "source_dest_check": true,
            "spot_instance_request_id": "",
            "subnet_id": "subnet-00d4b7c3a4411c021",
            "tags": {
              "Environment": "DEV",
              "Name": "",
              "Project": "Roboshop",
              "Terraform": "true"
            },
            "tags_all": {
              "Environment": "DEV",
              "Name": "",
              "Project": "Roboshop",
              "Terraform": "true"
            },
            "tenancy": "default",
            "timeouts": {
              "create": null,
              "delete": null,
              "read": null,
              "update": null
            },
            "user_data": "#!/bin/bash\n\ncd /tmp\ngit clone https://github.com/devarachandrasekhar/Roboshop_Shell.git\ncd Roboshop_Shell\nsh mongodb.sh",
            "user_data_base64": null,
            "user_data_replace_on_change": false,
            "volume_tags": {
              "Environment": "DEV",
              "Name": "",
              "Project": "Roboshop",
              "Terraform": "true"
            },
            "vpc_security_group_ids": [
              "sg-028309d3912210305",
              "sg-0f88d897584d318b2"
            ]
          },
          "sensitive_attributes": [
            [
              {
                "type": "get_attr",
                "value": "vpc_security_group_ids"
              }
            ],
            [
              {
                "type": "get_attr",
                "value": "subnet_id"
              }
            ]
          ],
          "private": "eyJlMmJmYjczMC1lY2FhLTExZTYtOGY4OC0zNDM2M2JjN2M0YzAiOnsiY3JlYXRlIjo2MDAwMDAwMDAwMDAsImRlbGV0ZSI6MTIwMDAwMDAwMDAwMCwicmVhZCI6OTAwMDAwMDAwMDAwLCJ1cGRhdGUiOjYwMDAwMDAwMDAwMH0sInNjaGVtYV92ZXJzaW9uIjoiMiJ9",
          "dependencies": [
            "data.aws_ami.amazon_linux_Redhat",
            "data.aws_ssm_parameter.database_subnet_ids",
            "data.aws_ssm_parameter.mongodb_sg_id",
            "module.mongodb_instance.aws_iam_instance_profile.this",
            "module.mongodb_instance.aws_iam_role.this",
            "module.mongodb_instance.aws_security_group.this",
            "module.mongodb_instance.data.aws_iam_policy_document.assume_role_policy",
            "module.mongodb_instance.data.aws_partition.current",
            "module.mongodb_instance.data.aws_ssm_parameter.this",
            "module.mongodb_instance.data.aws_subnet.this"
          ]
        }
      ]
    },
    {
      "module": "module.mongodb_instance",
      "mode": "managed",
      "type": "aws_security_group",
      "name": "this",
      "provider": "provider[\"registry.terraform.io/hashicorp/aws\"]",
      "instances": [
        {
          "index_key": 0,
          "schema_version": 1,
          "attributes": {
            "arn": "arn:aws:ec2:us-east-1:285729811195:security-group/sg-0f88d897584d318b2",
            "description": "Managed by Terraform",
            "egress": [],
            "id": "sg-0f88d897584d318b2",
            "ingress": [],
            "name": "-20250704051017761600000001",
            "name_prefix": "-",
            "owner_id": "285729811195",
            "region": "us-east-1",
            "revoke_rules_on_delete": false,
            "tags": {
              "Environment": "DEV",
              "Name": "",
              "Project": "Roboshop",
              "Terraform": "true"
            },
            "tags_all": {
              "Environment": "DEV",
              "Name": "",
              "Project": "Roboshop",
              "Terraform": "true"
            },
            "timeouts": null,
            "vpc_id": "vpc-00b3511d793dc2fd3"
          },
          "sensitive_attributes": [],
          "private": "eyJlMmJmYjczMC1lY2FhLTExZTYtOGY4OC0zNDM2M2JjN2M0YzAiOnsiY3JlYXRlIjo2MDAwMDAwMDAwMDAsImRlbGV0ZSI6OTAwMDAwMDAwMDAwfSwic2NoZW1hX3ZlcnNpb24iOiIxIn0=",
          "dependencies": [
            "data.aws_ssm_parameter.database_subnet_ids",
            "module.mongodb_instance.data.aws_subnet.this"
          ],
          "create_before_destroy": true
        }
      ]
    },
    {
      "module": "module.mongodb_instance",
      "mode": "managed",
      "type": "aws_vpc_security_group_egress_rule",
      "name": "this",
      "provider": "provider[\"registry.terraform.io/hashicorp/aws\"]",
      "instances": [
        {
          "index_key": "ipv4_default",
          "schema_version": 0,
          "attributes": {
            "arn": "arn:aws:ec2:us-east-1:285729811195:security-group-rule/sgr-098dfd029888ebaae",
            "cidr_ipv4": "0.0.0.0/0",
            "cidr_ipv6": null,
            "description": "Allow all IPv4 traffic",
            "from_port": null,
            "id": "sgr-098dfd029888ebaae",
            "ip_protocol": "-1",
            "prefix_list_id": null,
            "referenced_security_group_id": null,
            "region": "us-east-1",
            "security_group_id": "sg-0f88d897584d318b2",
            "security_group_rule_id": "sgr-098dfd029888ebaae",
            "tags": {
              "Environment": "DEV",
              "Name": "-ipv4_default",
              "Project": "Roboshop",
              "Terraform": "true"
            },
            "tags_all": {
              "Environment": "DEV",
              "Name": "-ipv4_default",
              "Project": "Roboshop",
              "Terraform": "true"
            },
            "to_port": null
          },
          "sensitive_attributes": [],
          "dependencies": [
            "data.aws_ssm_parameter.database_subnet_ids",
            "module.mongodb_instance.aws_security_group.this",
            "module.mongodb_instance.data.aws_subnet.this"
          ]
        },
        {
          "index_key": "ipv6_default",
          "schema_version": 0,
          "attributes": {
            "arn": "arn:aws:ec2:us-east-1:285729811195:security-group-rule/sgr-0a63b0b2db9c8c79a",
            "cidr_ipv4": null,
            "cidr_ipv6": "::/0",
            "description": "Allow all IPv6 traffic",
            "from_port": null,
            "id": "sgr-0a63b0b2db9c8c79a",
            "ip_protocol": "-1",
            "prefix_list_id": null,
            "referenced_security_group_id": null,
            "region": "us-east-1",
            "security_group_id": "sg-0f88d897584d318b2",
            "security_group_rule_id": "sgr-0a63b0b2db9c8c79a",
            "tags": {
              "Environment": "DEV",
              "Name": "-ipv6_default",
              "Project": "Roboshop",
              "Terraform": "true"
            },
            "tags_all": {
              "Environment": "DEV",
              "Name": "-ipv6_default",
              "Project": "Roboshop",
              "Terraform": "true"
            },
            "to_port": null
          },
          "sensitive_attributes": [],
          "dependencies": [
            "data.aws_ssm_parameter.database_subnet_ids",
            "module.mongodb_instance.aws_security_group.this",
            "module.mongodb_instance.data.aws_subnet.this"
          ]
        }
      ]
    },
    {
      "module": "module.records",
      "mode": "data",
      "type": "aws_route53_zone",
      "name": "this",
      "provider": "provider[\"registry.terraform.io/hashicorp/aws\"]",
      "instances": [
        {
          "index_key": 0,
          "schema_version": 0,
          "attributes": {
            "arn": "arn:aws:route53:::hostedzone/Z01718381OWWTO2IAOCWK",
            "caller_reference": "816e0ca7-3b73-455c-a8fe-5c1bef3896f1",
            "comment": "",
            "id": "Z01718381OWWTO2IAOCWK",
            "linked_service_description": null,
            "linked_service_principal": null,
            "name": "practicedevops.store",
            "name_servers": [
              "ns-1982.awsdns-55.co.uk",
              "ns-1387.awsdns-45.org",
              "ns-290.awsdns-36.com",
              "ns-858.awsdns-43.net"
            ],
            "primary_name_server": "ns-1982.awsdns-55.co.uk",
            "private_zone": false,
            "resource_record_set_count": 2,
            "tags": {},
            "vpc_id": null,
            "zone_id": "Z01718381OWWTO2IAOCWK"
          },
          "sensitive_attributes": []
        }
      ]
    },
    {
      "module": "module.records",
      "mode": "managed",
      "type": "aws_route53_record",
      "name": "this",
      "provider": "provider[\"registry.terraform.io/hashicorp/aws\"]",
      "instances": [
        {
          "index_key": "mongodb A",
          "schema_version": 2,
          "attributes": {
            "alias": [],
            "allow_overwrite": false,
            "cidr_routing_policy": [],
            "failover_routing_policy": [],
            "fqdn": "mongodb.practicedevops.store",
            "geolocation_routing_policy": [],
            "geoproximity_routing_policy": [],
            "health_check_id": "",
            "id": "Z01718381OWWTO2IAOCWK_mongodb.practicedevops.store_A",
            "latency_routing_policy": [],
            "multivalue_answer_routing_policy": false,
            "name": "mongodb.practicedevops.store",
            "records": [
              "10.0.21.102"
            ],
            "set_identifier": "",
            "timeouts": null,
            "ttl": 1,
            "type": "A",
            "weighted_routing_policy": [],
            "zone_id": "Z01718381OWWTO2IAOCWK"
          },
          "sensitive_attributes": [],
          "private": "eyJlMmJmYjczMC1lY2FhLTExZTYtOGY4OC0zNDM2M2JjN2M0YzAiOnsiY3JlYXRlIjoxODAwMDAwMDAwMDAwLCJkZWxldGUiOjE4MDAwMDAwMDAwMDAsInVwZGF0ZSI6MTgwMDAwMDAwMDAwMH0sInNjaGVtYV92ZXJzaW9uIjoiMiJ9",
          "dependencies": [
            "data.aws_ami.amazon_linux_Redhat",
            "data.aws_ssm_parameter.database_subnet_ids",
            "data.aws_ssm_parameter.mongodb_sg_id",
            "module.mongodb_instance.aws_iam_instance_profile.this",
            "module.mongodb_instance.aws_iam_role.this",
            "module.mongodb_instance.aws_instance.ignore_ami",
            "module.mongodb_instance.aws_instance.this",
            "module.mongodb_instance.aws_security_group.this",
            "module.mongodb_instance.aws_spot_instance_request.this",
            "module.mongodb_instance.data.aws_iam_policy_document.assume_role_policy",
            "module.mongodb_instance.data.aws_partition.current",
            "module.mongodb_instance.data.aws_ssm_parameter.this",
            "module.mongodb_instance.data.aws_subnet.this",
            "module.records.data.aws_route53_zone.this"
          ]
        }
      ]
    }
  ],
  "check_results": null
}
